// !$*UTF8*$!
{
	archiveVersion = 1;
	classes = {
	};
	objectVersion = 50;
	objects = {

/* Begin PBXBuildFile section */
		B712B41D210B77CF00463453 /* AppDelegate.swift in Sources */ = {isa = PBXBuildFile; fileRef = B712B41C210B77CF00463453 /* AppDelegate.swift */; };
		B712B41F210B77CF00463453 /* ViewController.swift in Sources */ = {isa = PBXBuildFile; fileRef = B712B41E210B77CF00463453 /* ViewController.swift */; };
		B712B422210B77CF00463453 /* Main.storyboard in Resources */ = {isa = PBXBuildFile; fileRef = B712B420210B77CF00463453 /* Main.storyboard */; };
		B712B425210B77CF00463453 /* Spedometer.xcdatamodeld in Sources */ = {isa = PBXBuildFile; fileRef = B712B423210B77CF00463453 /* Spedometer.xcdatamodeld */; };
		B712B427210B77D100463453 /* Assets.xcassets in Resources */ = {isa = PBXBuildFile; fileRef = B712B426210B77D100463453 /* Assets.xcassets */; };
		B712B42A210B77D100463453 /* LaunchScreen.storyboard in Resources */ = {isa = PBXBuildFile; fileRef = B712B428210B77D100463453 /* LaunchScreen.storyboard */; };
		B7DBDF75210B796700A01563 /* SpeedController.swift in Sources */ = {isa = PBXBuildFile; fileRef = B7DBDF74210B796700A01563 /* SpeedController.swift */; };
		B7DBDF7C210B826700A01563 /* ColorX.swift in Sources */ = {isa = PBXBuildFile; fileRef = B7DBDF77210B826600A01563 /* ColorX.swift */; };
		B7DBDF7D210B826700A01563 /* ArcModel.swift in Sources */ = {isa = PBXBuildFile; fileRef = B7DBDF78210B826700A01563 /* ArcModel.swift */; };
		B7DBDF7E210B826700A01563 /* ArrayX.swift in Sources */ = {isa = PBXBuildFile; fileRef = B7DBDF7A210B826700A01563 /* ArrayX.swift */; };
		B7DBDF7F210B826700A01563 /* ABGaugeView.swift in Sources */ = {isa = PBXBuildFile; fileRef = B7DBDF7B210B826700A01563 /* ABGaugeView.swift */; };
/* End PBXBuildFile section */

/* Begin PBXCopyFilesBuildPhase section */
		B7DBDFA4210BA0AD00A01563 /* Embed Watch Content */ = {
			isa = PBXCopyFilesBuildPhase;
			buildActionMask = 2147483647;
			dstPath = "$(CONTENTS_FOLDER_PATH)/Watch";
			dstSubfolderSpec = 16;
			files = (
			);
			name = "Embed Watch Content";
			runOnlyForDeploymentPostprocessing = 0;
		};
/* End PBXCopyFilesBuildPhase section */

/* Begin PBXFileReference section */
		B712B419210B77CF00463453 /* Spedometer.app */ = {isa = PBXFileReference; explicitFileType = wrapper.application; includeInIndex = 0; path = Spedometer.app; sourceTree = BUILT_PRODUCTS_DIR; };
		B712B41C210B77CF00463453 /* AppDelegate.swift */ = {isa = PBXFileReference; lastKnownFileType = sourcecode.swift; path = AppDelegate.swift; sourceTree = "<group>"; };
		B712B41E210B77CF00463453 /* ViewController.swift */ = {isa = PBXFileReference; lastKnownFileType = sourcecode.swift; path = ViewController.swift; sourceTree = "<group>"; };
		B712B421210B77CF00463453 /* Base */ = {isa = PBXFileReference; lastKnownFileType = file.storyboard; name = Base; path = Base.lproj/Main.storyboard; sourceTree = "<group>"; };
		B712B424210B77CF00463453 /* Spedometer.xcdatamodel */ = {isa = PBXFileReference; lastKnownFileType = wrapper.xcdatamodel; path = Spedometer.xcdatamodel; sourceTree = "<group>"; };
		B712B426210B77D100463453 /* Assets.xcassets */ = {isa = PBXFileReference; lastKnownFileType = folder.assetcatalog; path = Assets.xcassets; sourceTree = "<group>"; };
		B712B429210B77D100463453 /* Base */ = {isa = PBXFileReference; lastKnownFileType = file.storyboard; name = Base; path = Base.lproj/LaunchScreen.storyboard; sourceTree = "<group>"; };
		B712B42B210B77D100463453 /* Info.plist */ = {isa = PBXFileReference; lastKnownFileType = text.plist.xml; path = Info.plist; sourceTree = "<group>"; };
		B7DBDF74210B796700A01563 /* SpeedController.swift */ = {isa = PBXFileReference; lastKnownFileType = sourcecode.swift; path = SpeedController.swift; sourceTree = "<group>"; };
		B7DBDF77210B826600A01563 /* ColorX.swift */ = {isa = PBXFileReference; fileEncoding = 4; lastKnownFileType = sourcecode.swift; path = ColorX.swift; sourceTree = "<group>"; };
		B7DBDF78210B826700A01563 /* ArcModel.swift */ = {isa = PBXFileReference; fileEncoding = 4; lastKnownFileType = sourcecode.swift; path = ArcModel.swift; sourceTree = "<group>"; };
		B7DBDF79210B826700A01563 /* ABGaugeViewKit.h */ = {isa = PBXFileReference; fileEncoding = 4; lastKnownFileType = sourcecode.c.h; path = ABGaugeViewKit.h; sourceTree = "<group>"; };
		B7DBDF7A210B826700A01563 /* ArrayX.swift */ = {isa = PBXFileReference; fileEncoding = 4; lastKnownFileType = sourcecode.swift; path = ArrayX.swift; sourceTree = "<group>"; };
		B7DBDF7B210B826700A01563 /* ABGaugeView.swift */ = {isa = PBXFileReference; fileEncoding = 4; lastKnownFileType = sourcecode.swift; path = ABGaugeView.swift; sourceTree = "<group>"; };
		B7DBDF85210BA0AA00A01563 /* Base */ = {isa = PBXFileReference; lastKnownFileType = file.storyboard; name = Base; path = Base.lproj/Interface.storyboard; sourceTree = "<group>"; };
		B7DBDF87210BA0AC00A01563 /* Assets.xcassets */ = {isa = PBXFileReference; lastKnownFileType = folder.assetcatalog; path = Assets.xcassets; sourceTree = "<group>"; };
		B7DBDF89210BA0AC00A01563 /* Info.plist */ = {isa = PBXFileReference; lastKnownFileType = text.plist.xml; path = Info.plist; sourceTree = "<group>"; };
		B7DBDF93210BA0AD00A01563 /* InterfaceController.swift */ = {isa = PBXFileReference; lastKnownFileType = sourcecode.swift; path = InterfaceController.swift; sourceTree = "<group>"; };
		B7DBDF95210BA0AD00A01563 /* ExtensionDelegate.swift */ = {isa = PBXFileReference; lastKnownFileType = sourcecode.swift; path = ExtensionDelegate.swift; sourceTree = "<group>"; };
		B7DBDF97210BA0AD00A01563 /* Assets.xcassets */ = {isa = PBXFileReference; lastKnownFileType = folder.assetcatalog; path = Assets.xcassets; sourceTree = "<group>"; };
		B7DBDF99210BA0AD00A01563 /* Info.plist */ = {isa = PBXFileReference; lastKnownFileType = text.plist.xml; path = Info.plist; sourceTree = "<group>"; };
/* End PBXFileReference section */

/* Begin PBXFrameworksBuildPhase section */
		B712B416210B77CF00463453 /* Frameworks */ = {
			isa = PBXFrameworksBuildPhase;
			buildActionMask = 2147483647;
			files = (
			);
			runOnlyForDeploymentPostprocessing = 0;
		};
/* End PBXFrameworksBuildPhase section */

/* Begin PBXGroup section */
		B712B410210B77CF00463453 = {
			isa = PBXGroup;
			children = (
				B712B41B210B77CF00463453 /* Spedometer */,
				B7DBDF83210BA0AA00A01563 /* Simple Speed */,
				B7DBDF92210BA0AD00A01563 /* Simple Speed Extension */,
				B712B41A210B77CF00463453 /* Products */,
			);
			sourceTree = "<group>";
		};
		B712B41A210B77CF00463453 /* Products */ = {
			isa = PBXGroup;
			children = (
				B712B419210B77CF00463453 /* Spedometer.app */,
			);
			name = Products;
			sourceTree = "<group>";
		};
		B712B41B210B77CF00463453 /* Spedometer */ = {
			isa = PBXGroup;
			children = (
				B7DBDF76210B825A00A01563 /* Gauge */,
				B712B41C210B77CF00463453 /* AppDelegate.swift */,
				B712B41E210B77CF00463453 /* ViewController.swift */,
				B7DBDF74210B796700A01563 /* SpeedController.swift */,
				B712B420210B77CF00463453 /* Main.storyboard */,
				B712B426210B77D100463453 /* Assets.xcassets */,
				B712B428210B77D100463453 /* LaunchScreen.storyboard */,
				B712B42B210B77D100463453 /* Info.plist */,
				B712B423210B77CF00463453 /* Spedometer.xcdatamodeld */,
			);
			path = Spedometer;
			sourceTree = "<group>";
		};
		B7DBDF76210B825A00A01563 /* Gauge */ = {
			isa = PBXGroup;
			children = (
				B7DBDF7B210B826700A01563 /* ABGaugeView.swift */,
				B7DBDF79210B826700A01563 /* ABGaugeViewKit.h */,
				B7DBDF78210B826700A01563 /* ArcModel.swift */,
				B7DBDF7A210B826700A01563 /* ArrayX.swift */,
				B7DBDF77210B826600A01563 /* ColorX.swift */,
			);
			path = Gauge;
			sourceTree = "<group>";
		};
		B7DBDF83210BA0AA00A01563 /* Simple Speed */ = {
			isa = PBXGroup;
			children = (
				B7DBDF84210BA0AA00A01563 /* Interface.storyboard */,
				B7DBDF87210BA0AC00A01563 /* Assets.xcassets */,
				B7DBDF89210BA0AC00A01563 /* Info.plist */,
			);
			path = "Simple Speed";
			sourceTree = "<group>";
		};
		B7DBDF92210BA0AD00A01563 /* Simple Speed Extension */ = {
			isa = PBXGroup;
			children = (
				B7DBDF93210BA0AD00A01563 /* InterfaceController.swift */,
				B7DBDF95210BA0AD00A01563 /* ExtensionDelegate.swift */,
				B7DBDF97210BA0AD00A01563 /* Assets.xcassets */,
				B7DBDF99210BA0AD00A01563 /* Info.plist */,
			);
			path = "Simple Speed Extension";
			sourceTree = "<group>";
		};
/* End PBXGroup section */

/* Begin PBXNativeTarget section */
		B712B418210B77CF00463453 /* Spedometer */ = {
			isa = PBXNativeTarget;
			buildConfigurationList = B712B42E210B77D100463453 /* Build configuration list for PBXNativeTarget "Spedometer" */;
			buildPhases = (
				B712B415210B77CF00463453 /* Sources */,
				B712B416210B77CF00463453 /* Frameworks */,
				B712B417210B77CF00463453 /* Resources */,
				B7DBDFA4210BA0AD00A01563 /* Embed Watch Content */,
			);
			buildRules = (
			);
			dependencies = (
			);
			name = Spedometer;
			productName = Spedometer;
			productReference = B712B419210B77CF00463453 /* Spedometer.app */;
			productType = "com.apple.product-type.application";
		};
/* End PBXNativeTarget section */

/* Begin PBXProject section */
		B712B411210B77CF00463453 /* Project object */ = {
			isa = PBXProject;
			attributes = {
				LastSwiftUpdateCheck = 1000;
				LastUpgradeCheck = 0940;
				ORGANIZATIONNAME = JakeSpann;
				TargetAttributes = {
					B712B418210B77CF00463453 = {
						CreatedOnToolsVersion = 9.4.1;
					};
				};
			};
			buildConfigurationList = B712B414210B77CF00463453 /* Build configuration list for PBXProject "Simple Speed" */;
			compatibilityVersion = "Xcode 9.3";
			developmentRegion = en;
			hasScannedForEncodings = 0;
			knownRegions = (
				en,
				Base,
			);
			mainGroup = B712B410210B77CF00463453;
			productRefGroup = B712B41A210B77CF00463453 /* Products */;
			projectDirPath = "";
			projectRoot = "";
			targets = (
				B712B418210B77CF00463453 /* Spedometer */,
			);
		};
/* End PBXProject section */

/* Begin PBXResourcesBuildPhase section */
		B712B417210B77CF00463453 /* Resources */ = {
			isa = PBXResourcesBuildPhase;
			buildActionMask = 2147483647;
			files = (
				B712B42A210B77D100463453 /* LaunchScreen.storyboard in Resources */,
				B712B427210B77D100463453 /* Assets.xcassets in Resources */,
				B712B422210B77CF00463453 /* Main.storyboard in Resources */,
			);
			runOnlyForDeploymentPostprocessing = 0;
		};
/* End PBXResourcesBuildPhase section */

/* Begin PBXSourcesBuildPhase section */
		B712B415210B77CF00463453 /* Sources */ = {
			isa = PBXSourcesBuildPhase;
			buildActionMask = 2147483647;
			files = (
				B7DBDF7E210B826700A01563 /* ArrayX.swift in Sources */,
				B712B41F210B77CF00463453 /* ViewController.swift in Sources */,
				B7DBDF7C210B826700A01563 /* ColorX.swift in Sources */,
				B7DBDF7F210B826700A01563 /* ABGaugeView.swift in Sources */,
				B7DBDF75210B796700A01563 /* SpeedController.swift in Sources */,
				B712B41D210B77CF00463453 /* AppDelegate.swift in Sources */,
				B7DBDF7D210B826700A01563 /* ArcModel.swift in Sources */,
				B712B425210B77CF00463453 /* Spedometer.xcdatamodeld in Sources */,
			);
			runOnlyForDeploymentPostprocessing = 0;
		};
/* End PBXSourcesBuildPhase section */

/* Begin PBXVariantGroup section */
		B712B420210B77CF00463453 /* Main.storyboard */ = {
			isa = PBXVariantGroup;
			children = (
				B712B421210B77CF00463453 /* Base */,
			);
			name = Main.storyboard;
			sourceTree = "<group>";
		};
		B712B428210B77D100463453 /* LaunchScreen.storyboard */ = {
			isa = PBXVariantGroup;
			children = (
				B712B429210B77D100463453 /* Base */,
			);
			name = LaunchScreen.storyboard;
			sourceTree = "<group>";
		};
		B7DBDF84210BA0AA00A01563 /* Interface.storyboard */ = {
			isa = PBXVariantGroup;
			children = (
				B7DBDF85210BA0AA00A01563 /* Base */,
			);
			name = Interface.storyboard;
			sourceTree = "<group>";
		};
/* End PBXVariantGroup section */

/* Begin XCBuildConfiguration section */
		B712B42C210B77D100463453 /* Debug */ = {
			isa = XCBuildConfiguration;
			buildSettings = {
				ALWAYS_SEARCH_USER_PATHS = NO;
				CLANG_ANALYZER_NONNULL = YES;
				CLANG_ANALYZER_NUMBER_OBJECT_CONVERSION = YES_AGGRESSIVE;
				CLANG_CXX_LANGUAGE_STANDARD = "gnu++14";
				CLANG_CXX_LIBRARY = "libc++";
				CLANG_ENABLE_MODULES = YES;
				CLANG_ENABLE_OBJC_ARC = YES;
				CLANG_ENABLE_OBJC_WEAK = YES;
				CLANG_WARN_BLOCK_CAPTURE_AUTORELEASING = YES;
				CLANG_WARN_BOOL_CONVERSION = YES;
				CLANG_WARN_COMMA = YES;
				CLANG_WARN_CONSTANT_CONVERSION = YES;
				CLANG_WARN_DEPRECATED_OBJC_IMPLEMENTATIONS = YES;
				CLANG_WARN_DIRECT_OBJC_ISA_USAGE = YES_ERROR;
				CLANG_WARN_DOCUMENTATION_COMMENTS = YES;
				CLANG_WARN_EMPTY_BODY = YES;
				CLANG_WARN_ENUM_CONVERSION = YES;
				CLANG_WARN_INFINITE_RECURSION = YES;
				CLANG_WARN_INT_CONVERSION = YES;
				CLANG_WARN_NON_LITERAL_NULL_CONVERSION = YES;
				CLANG_WARN_OBJC_IMPLICIT_RETAIN_SELF = YES;
				CLANG_WARN_OBJC_LITERAL_CONVERSION = YES;
				CLANG_WARN_OBJC_ROOT_CLASS = YES_ERROR;
				CLANG_WARN_RANGE_LOOP_ANALYSIS = YES;
				CLANG_WARN_STRICT_PROTOTYPES = YES;
				CLANG_WARN_SUSPICIOUS_MOVE = YES;
				CLANG_WARN_UNGUARDED_AVAILABILITY = YES_AGGRESSIVE;
				CLANG_WARN_UNREACHABLE_CODE = YES;
				CLANG_WARN__DUPLICATE_METHOD_MATCH = YES;
				CODE_SIGN_IDENTITY = "iPhone Developer";
				COPY_PHASE_STRIP = NO;
				DEBUG_INFORMATION_FORMAT = dwarf;
				ENABLE_STRICT_OBJC_MSGSEND = YES;
				ENABLE_TESTABILITY = YES;
				GCC_C_LANGUAGE_STANDARD = gnu11;
				GCC_DYNAMIC_NO_PIC = NO;
				GCC_NO_COMMON_BLOCKS = YES;
				GCC_OPTIMIZATION_LEVEL = 0;
				GCC_PREPROCESSOR_DEFINITIONS = (
					"DEBUG=1",
					"$(inherited)",
				);
				GCC_WARN_64_TO_32_BIT_CONVERSION = YES;
				GCC_WARN_ABOUT_RETURN_TYPE = YES_ERROR;
				GCC_WARN_UNDECLARED_SELECTOR = YES;
				GCC_WARN_UNINITIALIZED_AUTOS = YES_AGGRESSIVE;
				GCC_WARN_UNUSED_FUNCTION = YES;
				GCC_WARN_UNUSED_VARIABLE = YES;
				IPHONEOS_DEPLOYMENT_TARGET = 11.4;
				MTL_ENABLE_DEBUG_INFO = YES;
				ONLY_ACTIVE_ARCH = YES;
				SDKROOT = iphoneos;
				SWIFT_ACTIVE_COMPILATION_CONDITIONS = DEBUG;
				SWIFT_OPTIMIZATION_LEVEL = "-Onone";
			};
			name = Debug;
		};
		B712B42D210B77D100463453 /* Release */ = {
			isa = XCBuildConfiguration;
			buildSettings = {
				ALWAYS_SEARCH_USER_PATHS = NO;
				CLANG_ANALYZER_NONNULL = YES;
				CLANG_ANALYZER_NUMBER_OBJECT_CONVERSION = YES_AGGRESSIVE;
				CLANG_CXX_LANGUAGE_STANDARD = "gnu++14";
				CLANG_CXX_LIBRARY = "libc++";
				CLANG_ENABLE_MODULES = YES;
				CLANG_ENABLE_OBJC_ARC = YES;
				CLANG_ENABLE_OBJC_WEAK = YES;
				CLANG_WARN_BLOCK_CAPTURE_AUTORELEASING = YES;
				CLANG_WARN_BOOL_CONVERSION = YES;
				CLANG_WARN_COMMA = YES;
				CLANG_WARN_CONSTANT_CONVERSION = YES;
				CLANG_WARN_DEPRECATED_OBJC_IMPLEMENTATIONS = YES;
				CLANG_WARN_DIRECT_OBJC_ISA_USAGE = YES_ERROR;
				CLANG_WARN_DOCUMENTATION_COMMENTS = YES;
				CLANG_WARN_EMPTY_BODY = YES;
				CLANG_WARN_ENUM_CONVERSION = YES;
				CLANG_WARN_INFINITE_RECURSION = YES;
				CLANG_WARN_INT_CONVERSION = YES;
				CLANG_WARN_NON_LITERAL_NULL_CONVERSION = YES;
				CLANG_WARN_OBJC_IMPLICIT_RETAIN_SELF = YES;
				CLANG_WARN_OBJC_LITERAL_CONVERSION = YES;
				CLANG_WARN_OBJC_ROOT_CLASS = YES_ERROR;
				CLANG_WARN_RANGE_LOOP_ANALYSIS = YES;
				CLANG_WARN_STRICT_PROTOTYPES = YES;
				CLANG_WARN_SUSPICIOUS_MOVE = YES;
				CLANG_WARN_UNGUARDED_AVAILABILITY = YES_AGGRESSIVE;
				CLANG_WARN_UNREACHABLE_CODE = YES;
				CLANG_WARN__DUPLICATE_METHOD_MATCH = YES;
				CODE_SIGN_IDENTITY = "iPhone Developer";
				COPY_PHASE_STRIP = NO;
				DEBUG_INFORMATION_FORMAT = "dwarf-with-dsym";
				ENABLE_NS_ASSERTIONS = NO;
				ENABLE_STRICT_OBJC_MSGSEND = YES;
				GCC_C_LANGUAGE_STANDARD = gnu11;
				GCC_NO_COMMON_BLOCKS = YES;
				GCC_WARN_64_TO_32_BIT_CONVERSION = YES;
				GCC_WARN_ABOUT_RETURN_TYPE = YES_ERROR;
				GCC_WARN_UNDECLARED_SELECTOR = YES;
				GCC_WARN_UNINITIALIZED_AUTOS = YES_AGGRESSIVE;
				GCC_WARN_UNUSED_FUNCTION = YES;
				GCC_WARN_UNUSED_VARIABLE = YES;
				IPHONEOS_DEPLOYMENT_TARGET = 11.4;
				MTL_ENABLE_DEBUG_INFO = NO;
				SDKROOT = iphoneos;
				SWIFT_COMPILATION_MODE = wholemodule;
				SWIFT_OPTIMIZATION_LEVEL = "-O";
				VALIDATE_PRODUCT = YES;
			};
			name = Release;
		};
		B712B42F210B77D100463453 /* Debug */ = {
			isa = XCBuildConfiguration;
			buildSettings = {
				ASSETCATALOG_COMPILER_APPICON_NAME = iPhoneIcon;
				CODE_SIGN_STYLE = Automatic;
				DEVELOPMENT_TEAM = RF2WR5S7P9;
				INFOPLIST_FILE = Spedometer/Info.plist;
				LD_RUNPATH_SEARCH_PATHS = (
					"$(inherited)",
					"@executable_path/Frameworks",
				);
				PRODUCT_BUNDLE_IDENTIFIER = com.JakeSpann.Spedometer;
				PRODUCT_NAME = "$(TARGET_NAME)";
				SWIFT_VERSION = 4.0;
				TARGETED_DEVICE_FAMILY = "1,2";
			};
			name = Debug;
		};
		B712B430210B77D100463453 /* Release */ = {
			isa = XCBuildConfiguration;
			buildSettings = {
				ASSETCATALOG_COMPILER_APPICON_NAME = iPhoneIcon;
				CODE_SIGN_STYLE = Automatic;
				DEVELOPMENT_TEAM = RF2WR5S7P9;
				INFOPLIST_FILE = Spedometer/Info.plist;
				LD_RUNPATH_SEARCH_PATHS = (
					"$(inherited)",
					"@executable_path/Frameworks",
				);
				PRODUCT_BUNDLE_IDENTIFIER = com.JakeSpann.Spedometer;
				PRODUCT_NAME = "$(TARGET_NAME)";
				SWIFT_VERSION = 4.0;
				TARGETED_DEVICE_FAMILY = "1,2";
			};
			name = Release;
		};
/* End XCBuildConfiguration section */

/* Begin XCConfigurationList section */
		B712B414210B77CF00463453 /* Build configuration list for PBXProject "Simple Speed" */ = {
			isa = XCConfigurationList;
			buildConfigurations = (
				B712B42C210B77D100463453 /* Debug */,
				B712B42D210B77D100463453 /* Release */,
			);
			defaultConfigurationIsVisible = 0;
			defaultConfigurationName = Release;
		};
		B712B42E210B77D100463453 /* Build configuration list for PBXNativeTarget "Spedometer" */ = {
			isa = XCConfigurationList;
			buildConfigurations = (
				B712B42F210B77D100463453 /* Debug */,
				B712B430210B77D100463453 /* Release */,
			);
			defaultConfigurationIsVisible = 0;
			defaultConfigurationName = Release;
		};
/* End XCConfigurationList section */

/* Begin XCVersionGroup section */
		B712B423210B77CF00463453 /* Spedometer.xcdatamodeld */ = {
			isa = XCVersionGroup;
			children = (
				B712B424210B77CF00463453 /* Spedometer.xcdatamodel */,
			);
			currentVersion = B712B424210B77CF00463453 /* Spedometer.xcdatamodel */;
			path = Spedometer.xcdatamodeld;
			sourceTree = "<group>";
			versionGroupType = wrapper.xcdatamodel;
		};
/* End XCVersionGroup section */
	};
	rootObject = B712B411210B77CF00463453 /* Project object */;
}
